// !$*UTF8*$!
{
	archiveVersion = 1;
	classes = {
	};
	objectVersion = 46;
	objects = {

/* Begin PBXBuildFile section */
		D10682C01B9731A200042217 /* AwesomeFloatingToolbar.m in Sources */ = {isa = PBXBuildFile; fileRef = D10682BF1B9731A200042217 /* AwesomeFloatingToolbar.m */; };
		D11063501B904587002E127A /* main.m in Sources */ = {isa = PBXBuildFile; fileRef = D110634F1B904587002E127A /* main.m */; };
		D11063531B904587002E127A /* AppDelegate.m in Sources */ = {isa = PBXBuildFile; fileRef = D11063521B904587002E127A /* AppDelegate.m */; };
		D11063561B904587002E127A /* ViewController.m in Sources */ = {isa = PBXBuildFile; fileRef = D11063551B904587002E127A /* ViewController.m */; };
		D110635B1B904587002E127A /* Images.xcassets in Resources */ = {isa = PBXBuildFile; fileRef = D110635A1B904587002E127A /* Images.xcassets */; };
		D110635E1B904587002E127A /* LaunchScreen.xib in Resources */ = {isa = PBXBuildFile; fileRef = D110635C1B904587002E127A /* LaunchScreen.xib */; };
		D110636A1B904588002E127A /* iOSAppBrowserTests.m in Sources */ = {isa = PBXBuildFile; fileRef = D11063691B904588002E127A /* iOSAppBrowserTests.m */; };
/* End PBXBuildFile section */

/* Begin PBXContainerItemProxy section */
		D11063641B904588002E127A /* PBXContainerItemProxy */ = {
			isa = PBXContainerItemProxy;
			containerPortal = D11063421B904587002E127A /* Project object */;
			proxyType = 1;
			remoteGlobalIDString = D11063491B904587002E127A;
			remoteInfo = iOSAppBrowser;
		};
/* End PBXContainerItemProxy section */

/* Begin PBXFileReference section */
		D10682BE1B9731A200042217 /* AwesomeFloatingToolbar.h */ = {isa = PBXFileReference; fileEncoding = 4; lastKnownFileType = sourcecode.c.h; name = AwesomeFloatingToolbar.h; path = ../AwesomeFloatingToolbar.h; sourceTree = "<group>"; };
		D10682BF1B9731A200042217 /* AwesomeFloatingToolbar.m */ = {isa = PBXFileReference; fileEncoding = 4; lastKnownFileType = sourcecode.c.objc; name = AwesomeFloatingToolbar.m; path = ../AwesomeFloatingToolbar.m; sourceTree = "<group>"; };
		D110634A1B904587002E127A /* Private Browser.app */ = {isa = PBXFileReference; explicitFileType = wrapper.application; includeInIndex = 0; path = "Private Browser.app"; sourceTree = BUILT_PRODUCTS_DIR; };
		D110634E1B904587002E127A /* Info.plist */ = {isa = PBXFileReference; lastKnownFileType = text.plist.xml; path = Info.plist; sourceTree = "<group>"; };
		D110634F1B904587002E127A /* main.m */ = {isa = PBXFileReference; lastKnownFileType = sourcecode.c.objc; path = main.m; sourceTree = "<group>"; };
		D11063511B904587002E127A /* AppDelegate.h */ = {isa = PBXFileReference; lastKnownFileType = sourcecode.c.h; path = AppDelegate.h; sourceTree = "<group>"; };
		D11063521B904587002E127A /* AppDelegate.m */ = {isa = PBXFileReference; lastKnownFileType = sourcecode.c.objc; path = AppDelegate.m; sourceTree = "<group>"; };
		D11063541B904587002E127A /* ViewController.h */ = {isa = PBXFileReference; lastKnownFileType = sourcecode.c.h; path = ViewController.h; sourceTree = "<group>"; };
		D11063551B904587002E127A /* ViewController.m */ = {isa = PBXFileReference; lastKnownFileType = sourcecode.c.objc; path = ViewController.m; sourceTree = "<group>"; };
		D110635A1B904587002E127A /* Images.xcassets */ = {isa = PBXFileReference; lastKnownFileType = folder.assetcatalog; path = Images.xcassets; sourceTree = "<group>"; };
		D110635D1B904587002E127A /* Base */ = {isa = PBXFileReference; lastKnownFileType = file.xib; name = Base; path = Base.lproj/LaunchScreen.xib; sourceTree = "<group>"; };
		D11063631B904588002E127A /* Private BrowserTests.xctest */ = {isa = PBXFileReference; explicitFileType = wrapper.cfbundle; includeInIndex = 0; path = "Private BrowserTests.xctest"; sourceTree = BUILT_PRODUCTS_DIR; };
		D11063681B904588002E127A /* Info.plist */ = {isa = PBXFileReference; lastKnownFileType = text.plist.xml; path = Info.plist; sourceTree = "<group>"; };
		D11063691B904588002E127A /* iOSAppBrowserTests.m */ = {isa = PBXFileReference; lastKnownFileType = sourcecode.c.objc; path = iOSAppBrowserTests.m; sourceTree = "<group>"; };
/* End PBXFileReference section */

/* Begin PBXFrameworksBuildPhase section */
		D11063471B904587002E127A /* Frameworks */ = {
			isa = PBXFrameworksBuildPhase;
			buildActionMask = 2147483647;
			files = (
			);
			runOnlyForDeploymentPostprocessing = 0;
		};
		D11063601B904588002E127A /* Frameworks */ = {
			isa = PBXFrameworksBuildPhase;
			buildActionMask = 2147483647;
			files = (
			);
			runOnlyForDeploymentPostprocessing = 0;
		};
/* End PBXFrameworksBuildPhase section */

/* Begin PBXGroup section */
		D11063411B904587002E127A = {
			isa = PBXGroup;
			children = (
				D110634C1B904587002E127A /* iOSAppBrowser */,
				D11063661B904588002E127A /* iOSAppBrowserTests */,
				D110634B1B904587002E127A /* Products */,
			);
			sourceTree = "<group>";
		};
		D110634B1B904587002E127A /* Products */ = {
			isa = PBXGroup;
			children = (
				D110634A1B904587002E127A /* Private Browser.app */,
				D11063631B904588002E127A /* Private BrowserTests.xctest */,
			);
			name = Products;
			sourceTree = "<group>";
		};
		D110634C1B904587002E127A /* iOSAppBrowser */ = {
			isa = PBXGroup;
			children = (
				D11063511B904587002E127A /* AppDelegate.h */,
				D11063521B904587002E127A /* AppDelegate.m */,
				D10682BE1B9731A200042217 /* AwesomeFloatingToolbar.h */,
				D10682BF1B9731A200042217 /* AwesomeFloatingToolbar.m */,
				D11063541B904587002E127A /* ViewController.h */,
				D11063551B904587002E127A /* ViewController.m */,
				D110635A1B904587002E127A /* Images.xcassets */,
				D110635C1B904587002E127A /* LaunchScreen.xib */,
				D110634D1B904587002E127A /* Supporting Files */,
			);
			path = iOSAppBrowser;
			sourceTree = "<group>";
		};
		D110634D1B904587002E127A /* Supporting Files */ = {
			isa = PBXGroup;
			children = (
				D110634E1B904587002E127A /* Info.plist */,
				D110634F1B904587002E127A /* main.m */,
			);
			name = "Supporting Files";
			sourceTree = "<group>";
		};
		D11063661B904588002E127A /* iOSAppBrowserTests */ = {
			isa = PBXGroup;
			children = (
				D11063691B904588002E127A /* iOSAppBrowserTests.m */,
				D11063671B904588002E127A /* Supporting Files */,
			);
			path = iOSAppBrowserTests;
			sourceTree = "<group>";
		};
		D11063671B904588002E127A /* Supporting Files */ = {
			isa = PBXGroup;
			children = (
				D11063681B904588002E127A /* Info.plist */,
			);
			name = "Supporting Files";
			sourceTree = "<group>";
		};
/* End PBXGroup section */

/* Begin PBXNativeTarget section */
		D11063491B904587002E127A /* Private Browser */ = {
			isa = PBXNativeTarget;
			buildConfigurationList = D110636D1B904588002E127A /* Build configuration list for PBXNativeTarget "Private Browser" */;
			buildPhases = (
				D11063461B904587002E127A /* Sources */,
				D11063471B904587002E127A /* Frameworks */,
				D11063481B904587002E127A /* Resources */,
			);
			buildRules = (
			);
			dependencies = (
			);
			name = "Private Browser";
			productName = iOSAppBrowser;
			productReference = D110634A1B904587002E127A /* Private Browser.app */;
			productType = "com.apple.product-type.application";
		};
		D11063621B904588002E127A /* Private BrowserTests */ = {
			isa = PBXNativeTarget;
			buildConfigurationList = D11063701B904588002E127A /* Build configuration list for PBXNativeTarget "Private BrowserTests" */;
			buildPhases = (
				D110635F1B904588002E127A /* Sources */,
				D11063601B904588002E127A /* Frameworks */,
				D11063611B904588002E127A /* Resources */,
			);
			buildRules = (
			);
			dependencies = (
				D11063651B904588002E127A /* PBXTargetDependency */,
			);
			name = "Private BrowserTests";
			productName = iOSAppBrowserTests;
			productReference = D11063631B904588002E127A /* Private BrowserTests.xctest */;
			productType = "com.apple.product-type.bundle.unit-test";
		};
/* End PBXNativeTarget section */

/* Begin PBXProject section */
		D11063421B904587002E127A /* Project object */ = {
			isa = PBXProject;
			attributes = {
				LastUpgradeCheck = 0640;
				ORGANIZATIONNAME = "Vetri Selvi Vairamuthu";
				TargetAttributes = {
					D11063491B904587002E127A = {
						CreatedOnToolsVersion = 6.4;
					};
					D11063621B904588002E127A = {
						CreatedOnToolsVersion = 6.4;
						TestTargetID = D11063491B904587002E127A;
					};
				};
			};
			buildConfigurationList = D11063451B904587002E127A /* Build configuration list for PBXProject "Private Browser" */;
			compatibilityVersion = "Xcode 3.2";
			developmentRegion = English;
			hasScannedForEncodings = 0;
			knownRegions = (
				en,
				Base,
			);
			mainGroup = D11063411B904587002E127A;
			productRefGroup = D110634B1B904587002E127A /* Products */;
			projectDirPath = "";
			projectRoot = "";
			targets = (
				D11063491B904587002E127A /* Private Browser */,
				D11063621B904588002E127A /* Private BrowserTests */,
			);
		};
/* End PBXProject section */

/* Begin PBXResourcesBuildPhase section */
		D11063481B904587002E127A /* Resources */ = {
			isa = PBXResourcesBuildPhase;
			buildActionMask = 2147483647;
			files = (
				D110635E1B904587002E127A /* LaunchScreen.xib in Resources */,
				D110635B1B904587002E127A /* Images.xcassets in Resources */,
			);
			runOnlyForDeploymentPostprocessing = 0;
		};
		D11063611B904588002E127A /* Resources */ = {
			isa = PBXResourcesBuildPhase;
			buildActionMask = 2147483647;
			files = (
			);
			runOnlyForDeploymentPostprocessing = 0;
		};
/* End PBXResourcesBuildPhase section */

/* Begin PBXSourcesBuildPhase section */
		D11063461B904587002E127A /* Sources */ = {
			isa = PBXSourcesBuildPhase;
			buildActionMask = 2147483647;
			files = (
				D11063561B904587002E127A /* ViewController.m in Sources */,
				D11063531B904587002E127A /* AppDelegate.m in Sources */,
				D11063501B904587002E127A /* main.m in Sources */,
				D10682C01B9731A200042217 /* AwesomeFloatingToolbar.m in Sources */,
			);
			runOnlyForDeploymentPostprocessing = 0;
		};
		D110635F1B904588002E127A /* Sources */ = {
			isa = PBXSourcesBuildPhase;
			buildActionMask = 2147483647;
			files = (
				D110636A1B904588002E127A /* iOSAppBrowserTests.m in Sources */,
			);
			runOnlyForDeploymentPostprocessing = 0;
		};
/* End PBXSourcesBuildPhase section */

/* Begin PBXTargetDependency section */
		D11063651B904588002E127A /* PBXTargetDependency */ = {
			isa = PBXTargetDependency;
			target = D11063491B904587002E127A /* Private Browser */;
			targetProxy = D11063641B904588002E127A /* PBXContainerItemProxy */;
		};
/* End PBXTargetDependency section */

/* Begin PBXVariantGroup section */
		D110635C1B904587002E127A /* LaunchScreen.xib */ = {
			isa = PBXVariantGroup;
			children = (
				D110635D1B904587002E127A /* Base */,
			);
			name = LaunchScreen.xib;
			sourceTree = "<group>";
		};
/* End PBXVariantGroup section */

/* Begin XCBuildConfiguration section */
		D110636B1B904588002E127A /* Debug */ = {
			isa = XCBuildConfiguration;
			buildSettings = {
				ALWAYS_SEARCH_USER_PATHS = NO;
				CLANG_CXX_LANGUAGE_STANDARD = "gnu++0x";
				CLANG_CXX_LIBRARY = "libc++";
				CLANG_ENABLE_MODULES = YES;
				CLANG_ENABLE_OBJC_ARC = YES;
				CLANG_WARN_BOOL_CONVERSION = YES;
				CLANG_WARN_CONSTANT_CONVERSION = YES;
				CLANG_WARN_DIRECT_OBJC_ISA_USAGE = YES_ERROR;
				CLANG_WARN_EMPTY_BODY = YES;
				CLANG_WARN_ENUM_CONVERSION = YES;
				CLANG_WARN_INT_CONVERSION = YES;
				CLANG_WARN_OBJC_ROOT_CLASS = YES_ERROR;
				CLANG_WARN_UNREACHABLE_CODE = YES;
				CLANG_WARN__DUPLICATE_METHOD_MATCH = YES;
				"CODE_SIGN_IDENTITY[sdk=iphoneos*]" = "iPhone Developer";
				COPY_PHASE_STRIP = NO;
				DEBUG_INFORMATION_FORMAT = "dwarf-with-dsym";
				ENABLE_STRICT_OBJC_MSGSEND = YES;
				GCC_C_LANGUAGE_STANDARD = gnu99;
				GCC_DYNAMIC_NO_PIC = NO;
				GCC_NO_COMMON_BLOCKS = YES;
				GCC_OPTIMIZATION_LEVEL = 0;
				GCC_PREPROCESSOR_DEFINITIONS = (
					"DEBUG=1",
					"$(inherited)",
				);
				GCC_SYMBOLS_PRIVATE_EXTERN = NO;
				GCC_WARN_64_TO_32_BIT_CONVERSION = YES;
				GCC_WARN_ABOUT_RETURN_TYPE = YES_ERROR;
				GCC_WARN_UNDECLARED_SELECTOR = YES;
				GCC_WARN_UNINITIALIZED_AUTOS = YES_AGGRESSIVE;
				GCC_WARN_UNUSED_FUNCTION = YES;
				GCC_WARN_UNUSED_VARIABLE = YES;
				IPHONEOS_DEPLOYMENT_TARGET = 8.4;
				MTL_ENABLE_DEBUG_INFO = YES;
				ONLY_ACTIVE_ARCH = YES;
				SDKROOT = iphoneos;
				TARGETED_DEVICE_FAMILY = "1,2";
			};
			name = Debug;
		};
		D110636C1B904588002E127A /* Release */ = {
			isa = XCBuildConfiguration;
			buildSettings = {
				ALWAYS_SEARCH_USER_PATHS = NO;
				CLANG_CXX_LANGUAGE_STANDARD = "gnu++0x";
				CLANG_CXX_LIBRARY = "libc++";
				CLANG_ENABLE_MODULES = YES;
				CLANG_ENABLE_OBJC_ARC = YES;
				CLANG_WARN_BOOL_CONVERSION = YES;
				CLANG_WARN_CONSTANT_CONVERSION = YES;
				CLANG_WARN_DIRECT_OBJC_ISA_USAGE = YES_ERROR;
				CLANG_WARN_EMPTY_BODY = YES;
				CLANG_WARN_ENUM_CONVERSION = YES;
				CLANG_WARN_INT_CONVERSION = YES;
				CLANG_WARN_OBJC_ROOT_CLASS = YES_ERROR;
				CLANG_WARN_UNREACHABLE_CODE = YES;
				CLANG_WARN__DUPLICATE_METHOD_MATCH = YES;
				"CODE_SIGN_IDENTITY[sdk=iphoneos*]" = "iPhone Developer";
				COPY_PHASE_STRIP = NO;
				DEBUG_INFORMATION_FORMAT = "dwarf-with-dsym";
				ENABLE_NS_ASSERTIONS = NO;
				ENABLE_STRICT_OBJC_MSGSEND = YES;
				GCC_C_LANGUAGE_STANDARD = gnu99;
				GCC_NO_COMMON_BLOCKS = YES;
				GCC_WARN_64_TO_32_BIT_CONVERSION = YES;
				GCC_WARN_ABOUT_RETURN_TYPE = YES_ERROR;
				GCC_WARN_UNDECLARED_SELECTOR = YES;
				GCC_WARN_UNINITIALIZED_AUTOS = YES_AGGRESSIVE;
				GCC_WARN_UNUSED_FUNCTION = YES;
				GCC_WARN_UNUSED_VARIABLE = YES;
				IPHONEOS_DEPLOYMENT_TARGET = 8.4;
				MTL_ENABLE_DEBUG_INFO = NO;
				SDKROOT = iphoneos;
				TARGETED_DEVICE_FAMILY = "1,2";
				VALIDATE_PRODUCT = YES;
			};
			name = Release;
		};
		D110636E1B904588002E127A /* Debug */ = {
			isa = XCBuildConfiguration;
			buildSettings = {
				ASSETCATALOG_COMPILER_APPICON_NAME = AppIcon;
				INFOPLIST_FILE = iOSAppBrowser/Info.plist;
				LD_RUNPATH_SEARCH_PATHS = "$(inherited) @executable_path/Frameworks";
				PRODUCT_NAME = "Private Browser";
			};
			name = Debug;
		};
		D110636F1B904588002E127A /* Release */ = {
			isa = XCBuildConfiguration;
			buildSettings = {
				ASSETCATALOG_COMPILER_APPICON_NAME = AppIcon;
				INFOPLIST_FILE = iOSAppBrowser/Info.plist;
				LD_RUNPATH_SEARCH_PATHS = "$(inherited) @executable_path/Frameworks";
				PRODUCT_NAME = "Private Browser";
			};
			name = Release;
		};
		D11063711B904588002E127A /* Debug */ = {
			isa = XCBuildConfiguration;
			buildSettings = {
				BUNDLE_LOADER = "$(TEST_HOST)";
				FRAMEWORK_SEARCH_PATHS = (
					"$(SDKROOT)/Developer/Library/Frameworks",
					"$(inherited)",
				);
				GCC_PREPROCESSOR_DEFINITIONS = (
					"DEBUG=1",
					"$(inherited)",
				);
				INFOPLIST_FILE = iOSAppBrowserTests/Info.plist;
				LD_RUNPATH_SEARCH_PATHS = "$(inherited) @executable_path/Frameworks @loader_path/Frameworks";
				PRODUCT_NAME = "Private BrowserTests";
				TEST_HOST = "$(BUILT_PRODUCTS_DIR)/iOSAppBrowser.app/iOSAppBrowser";
			};
			name = Debug;
		};
		D11063721B904588002E127A /* Release */ = {
			isa = XCBuildConfiguration;
			buildSettings = {
				BUNDLE_LOADER = "$(TEST_HOST)";
				FRAMEWORK_SEARCH_PATHS = (
					"$(SDKROOT)/Developer/Library/Frameworks",
					"$(inherited)",
				);
				INFOPLIST_FILE = iOSAppBrowserTests/Info.plist;
				LD_RUNPATH_SEARCH_PATHS = "$(inherited) @executable_path/Frameworks @loader_path/Frameworks";
				PRODUCT_NAME = "Private BrowserTests";
				TEST_HOST = "$(BUILT_PRODUCTS_DIR)/iOSAppBrowser.app/iOSAppBrowser";
			};
			name = Release;
		};
/* End XCBuildConfiguration section */

/* Begin XCConfigurationList section */
		D11063451B904587002E127A /* Build configuration list for PBXProject "Private Browser" */ = {
			isa = XCConfigurationList;
			buildConfigurations = (
				D110636B1B904588002E127A /* Debug */,
				D110636C1B904588002E127A /* Release */,
			);
			defaultConfigurationIsVisible = 0;
			defaultConfigurationName = Release;
		};
		D110636D1B904588002E127A /* Build configuration list for PBXNativeTarget "Private Browser" */ = {
			isa = XCConfigurationList;
			buildConfigurations = (
				D110636E1B904588002E127A /* Debug */,
				D110636F1B904588002E127A /* Release */,
			);
			defaultConfigurationIsVisible = 0;
			defaultConfigurationName = Release;
		};
		D11063701B904588002E127A /* Build configuration list for PBXNativeTarget "Private BrowserTests" */ = {
			isa = XCConfigurationList;
			buildConfigurations = (
				D11063711B904588002E127A /* Debug */,
				D11063721B904588002E127A /* Release */,
			);
			defaultConfigurationIsVisible = 0;
			defaultConfigurationName = Release;
		};
/* End XCConfigurationList section */
	};
	rootObject = D11063421B904587002E127A /* Project object */;
}
